
Microsoft Visual Studio Solution File, Format Version 12.00
# Visual Studio Version 17
VisualStudioVersion = 17.6.33815.320
MinimumVisualStudioVersion = 10.0.40219.1
Project("{9A19103F-16F7-4668-BE54-9A1E7A4F7556}") = "NZWalks.API", "NZWalks.API\NZWalks.API.csproj", "{8D741E7D-ED8A-4495-8911-54B1624DFCED}"
EndProject
Project("{FAE04EC0-301F-11D3-BF4B-00C04F79EFBC}") = "NZWalks.UI", "NZWalks.UI\NZWalks.UI.csproj", "{5B547EC1-94D1-43AC-922B-EE68BE80E9E3}"
EndProject
Global
	GlobalSection(SolutionConfigurationPlatforms) = preSolution
		Debug|Any CPU = Debug|Any CPU
		Release|Any CPU = Release|Any CPU
	EndGlobalSection
	GlobalSection(ProjectConfigurationPlatforms) = postSolution
		{8D741E7D-ED8A-4495-8911-54B1624DFCED}.Debug|Any CPU.ActiveCfg = Debug|Any CPU
		{8D741E7D-ED8A-4495-8911-54B1624DFCED}.Debug|Any CPU.Build.0 = Debug|Any CPU
		{8D741E7D-ED8A-4495-8911-54B1624DFCED}.Release|Any CPU.ActiveCfg = Release|Any CPU
		{8D741E7D-ED8A-4495-8911-54B1624DFCED}.Release|Any CPU.Build.0 = Release|Any CPU
		{5B547EC1-94D1-43AC-922B-EE68BE80E9E3}.Debug|Any CPU.ActiveCfg = Debug|Any CPU
		{5B547EC1-94D1-43AC-922B-EE68BE80E9E3}.Debug|Any CPU.Build.0 = Debug|Any CPU
		{5B547EC1-94D1-43AC-922B-EE68BE80E9E3}.Release|Any CPU.ActiveCfg = Release|Any CPU
		{5B547EC1-94D1-43AC-922B-EE68BE80E9E3}.Release|Any CPU.Build.0 = Release|Any CPU
	EndGlobalSection
	GlobalSection(SolutionProperties) = preSolution
		HideSolutionNode = FALSE
	EndGlobalSection
	GlobalSection(ExtensibilityGlobals) = postSolution
		SolutionGuid = {373824AB-D260-414D-967B-84B6B7E378FC}
	EndGlobalSection
EndGlobal
